
Microsoft Visual Studio Solution File, Format Version 12.00
Project("{FAE04EC0-301F-11D3-BF4B-00C04F79EFBC}") = "LAb2", "LAb2\LAb2.csproj", "{350CD2F5-465B-4AD9-9DF0-4F4C0C282163}"
EndProject
Project("{FAE04EC0-301F-11D3-BF4B-00C04F79EFBC}") = "LAb.Tests", "LAb.Tests\LAb.Tests.csproj", "{B640E4E2-5E2B-4A4F-BD7E-94AA3B1528CF}"
EndProject
Global
	GlobalSection(SolutionConfigurationPlatforms) = preSolution
		Debug|Any CPU = Debug|Any CPU
		Release|Any CPU = Release|Any CPU
	EndGlobalSection
	GlobalSection(ProjectConfigurationPlatforms) = postSolution
		{350CD2F5-465B-4AD9-9DF0-4F4C0C282163}.Debug|Any CPU.ActiveCfg = Debug|Any CPU
		{350CD2F5-465B-4AD9-9DF0-4F4C0C282163}.Debug|Any CPU.Build.0 = Debug|Any CPU
		{350CD2F5-465B-4AD9-9DF0-4F4C0C282163}.Release|Any CPU.ActiveCfg = Release|Any CPU
		{350CD2F5-465B-4AD9-9DF0-4F4C0C282163}.Release|Any CPU.Build.0 = Release|Any CPU
		{B640E4E2-5E2B-4A4F-BD7E-94AA3B1528CF}.Debug|Any CPU.ActiveCfg = Debug|Any CPU
		{B640E4E2-5E2B-4A4F-BD7E-94AA3B1528CF}.Debug|Any CPU.Build.0 = Debug|Any CPU
		{B640E4E2-5E2B-4A4F-BD7E-94AA3B1528CF}.Release|Any CPU.ActiveCfg = Release|Any CPU
		{B640E4E2-5E2B-4A4F-BD7E-94AA3B1528CF}.Release|Any CPU.Build.0 = Release|Any CPU
	EndGlobalSection
EndGlobal
